
Microsoft Visual Studio Solution File, Format Version 12.00
# Visual Studio Version 17
VisualStudioVersion = 17.13.35828.75 d17.13
MinimumVisualStudioVersion = 10.0.40219.1
Project("{FAE04EC0-301F-11D3-BF4B-00C04F79EFBC}") = "QuanPhucLongQuang_DoAnWeb", "QuanPhucLongQuang_DoAnWeb.csproj", "{2CA879F8-9D14-4238-A992-30756CD88B6B}"
EndProject
Global
	GlobalSection(SolutionConfigurationPlatforms) = preSolution
		Debug|Any CPU = Debug|Any CPU
		Release|Any CPU = Release|Any CPU
	EndGlobalSection
	GlobalSection(ProjectConfigurationPlatforms) = postSolution
		{2CA879F8-9D14-4238-A992-30756CD88B6B}.Debug|Any CPU.ActiveCfg = Debug|Any CPU
		{2CA879F8-9D14-4238-A992-30756CD88B6B}.Debug|Any CPU.Build.0 = Debug|Any CPU
		{2CA879F8-9D14-4238-A992-30756CD88B6B}.Release|Any CPU.ActiveCfg = Release|Any CPU
		{2CA879F8-9D14-4238-A992-30756CD88B6B}.Release|Any CPU.Build.0 = Release|Any CPU
	EndGlobalSection
	GlobalSection(SolutionProperties) = preSolution
		HideSolutionNode = FALSE
	EndGlobalSection
	GlobalSection(ExtensibilityGlobals) = postSolution
		SolutionGuid = {651A5DC1-5CE1-4AF8-AABC-23BC093A8106}
	EndGlobalSection
EndGlobal
